
Microsoft Visual Studio Solution File, Format Version 12.00
Project("{FAE04EC0-301F-11D3-BF4B-00C04F79EFBC}") = "PaginationInWpf", "PaginationInWpf\PaginationInWpf.csproj", "{758DB487-4BF8-4E1B-9A7A-D96565AB0760}"
EndProject
Project("{FAE04EC0-301F-11D3-BF4B-00C04F79EFBC}") = "HelperControls", "HelperControls\HelperControls.csproj", "{F2A6E81B-7C54-4AB1-9E3D-54F4FA471689}"
EndProject
Global
	GlobalSection(SolutionConfigurationPlatforms) = preSolution
		Debug|Any CPU = Debug|Any CPU
		Release|Any CPU = Release|Any CPU
	EndGlobalSection
	GlobalSection(ProjectConfigurationPlatforms) = postSolution
		{758DB487-4BF8-4E1B-9A7A-D96565AB0760}.Debug|Any CPU.ActiveCfg = Debug|Any CPU
		{758DB487-4BF8-4E1B-9A7A-D96565AB0760}.Debug|Any CPU.Build.0 = Debug|Any CPU
		{758DB487-4BF8-4E1B-9A7A-D96565AB0760}.Release|Any CPU.ActiveCfg = Release|Any CPU
		{758DB487-4BF8-4E1B-9A7A-D96565AB0760}.Release|Any CPU.Build.0 = Release|Any CPU
		{F2A6E81B-7C54-4AB1-9E3D-54F4FA471689}.Debug|Any CPU.ActiveCfg = Debug|Any CPU
		{F2A6E81B-7C54-4AB1-9E3D-54F4FA471689}.Debug|Any CPU.Build.0 = Debug|Any CPU
		{F2A6E81B-7C54-4AB1-9E3D-54F4FA471689}.Release|Any CPU.ActiveCfg = Release|Any CPU
		{F2A6E81B-7C54-4AB1-9E3D-54F4FA471689}.Release|Any CPU.Build.0 = Release|Any CPU
	EndGlobalSection
EndGlobal
